// !$*UTF8*$!
{
	archiveVersion = 1;
	classes = {
	};
	objectVersion = 50;
	objects = {

/* Begin PBXBuildFile section */
		0D000469226AFA8F00BB073D /* AppDelegate.swift in Sources */ = {isa = PBXBuildFile; fileRef = 0D000468226AFA8F00BB073D /* AppDelegate.swift */; };
		0D000470226AFA9300BB073D /* Assets.xcassets in Resources */ = {isa = PBXBuildFile; fileRef = 0D00046F226AFA9300BB073D /* Assets.xcassets */; };
		0D00047E226AFA9300BB073D /* SCExtensionToolsTests.swift in Sources */ = {isa = PBXBuildFile; fileRef = 0D00047D226AFA9300BB073D /* SCExtensionToolsTests.swift */; };
		0D000489226AFA9300BB073D /* SCExtensionToolsUITests.swift in Sources */ = {isa = PBXBuildFile; fileRef = 0D000488226AFA9300BB073D /* SCExtensionToolsUITests.swift */; };
		0D0004B6226AFB5D00BB073D /* SCNetworkManager.swift in Sources */ = {isa = PBXBuildFile; fileRef = 0D000498226AFB5D00BB073D /* SCNetworkManager.swift */; };
		0D0004B8226AFB5D00BB073D /* UIImageView+extension.swift in Sources */ = {isa = PBXBuildFile; fileRef = 0D00049B226AFB5D00BB073D /* UIImageView+extension.swift */; };
		0D0004B9226AFB5D00BB073D /* UIWindow+extension.swift in Sources */ = {isa = PBXBuildFile; fileRef = 0D00049C226AFB5D00BB073D /* UIWindow+extension.swift */; };
		0D0004BA226AFB5D00BB073D /* Date+extension.swift in Sources */ = {isa = PBXBuildFile; fileRef = 0D00049D226AFB5D00BB073D /* Date+extension.swift */; };
		0D0004BB226AFB5D00BB073D /* UILabel+extension.swift in Sources */ = {isa = PBXBuildFile; fileRef = 0D00049E226AFB5D00BB073D /* UILabel+extension.swift */; };
		0D0004BC226AFB5D00BB073D /* UIImage+extension.swift in Sources */ = {isa = PBXBuildFile; fileRef = 0D00049F226AFB5D00BB073D /* UIImage+extension.swift */; };
		0D0004BD226AFB5D00BB073D /* Bundle+extension.swift in Sources */ = {isa = PBXBuildFile; fileRef = 0D0004A0226AFB5D00BB073D /* Bundle+extension.swift */; };
		0D0004BE226AFB5D00BB073D /* String+extension.swift in Sources */ = {isa = PBXBuildFile; fileRef = 0D0004A1226AFB5D00BB073D /* String+extension.swift */; };
		0D0004BF226AFB5D00BB073D /* UIPageControl+extension.swift in Sources */ = {isa = PBXBuildFile; fileRef = 0D0004A2226AFB5D00BB073D /* UIPageControl+extension.swift */; };
		0D0004C0226AFB5D00BB073D /* UIBarButtonItem+extension.swift in Sources */ = {isa = PBXBuildFile; fileRef = 0D0004A3226AFB5D00BB073D /* UIBarButtonItem+extension.swift */; };
		0D0004C1226AFB5D00BB073D /* UIButton+SCAddition.m in Sources */ = {isa = PBXBuildFile; fileRef = 0D0004A8226AFB5D00BB073D /* UIButton+SCAddition.m */; };
		0D0004C2226AFB5D00BB073D /* NSObject+SCAddition.m in Sources */ = {isa = PBXBuildFile; fileRef = 0D0004AA226AFB5D00BB073D /* NSObject+SCAddition.m */; };
		0D0004C3226AFB5D00BB073D /* UIImageView+SCAddition.m in Sources */ = {isa = PBXBuildFile; fileRef = 0D0004AB226AFB5D00BB073D /* UIImageView+SCAddition.m */; };
		0D0004C4226AFB5D00BB073D /* NSString+SCAddition.m in Sources */ = {isa = PBXBuildFile; fileRef = 0D0004AC226AFB5D00BB073D /* NSString+SCAddition.m */; };
		0D0004C5226AFB5D00BB073D /* UIScreen+UISCreen_extenshion.m in Sources */ = {isa = PBXBuildFile; fileRef = 0D0004AD226AFB5D00BB073D /* UIScreen+UISCreen_extenshion.m */; };
		0D0004C6226AFB5D00BB073D /* CABasicAnimation+SCAddition.m in Sources */ = {isa = PBXBuildFile; fileRef = 0D0004AE226AFB5D00BB073D /* CABasicAnimation+SCAddition.m */; };
		0D0004C7226AFB5D00BB073D /* UILabel+SCAddition.m in Sources */ = {isa = PBXBuildFile; fileRef = 0D0004AF226AFB5D00BB073D /* UILabel+SCAddition.m */; };
		0D0004C8226AFB5D00BB073D /* UIColor+SCAddition.m in Sources */ = {isa = PBXBuildFile; fileRef = 0D0004B1226AFB5D00BB073D /* UIColor+SCAddition.m */; };
		0D0004CD226AFCD600BB073D /* FFLabel.swift in Sources */ = {isa = PBXBuildFile; fileRef = 0D0004CC226AFCD600BB073D /* FFLabel.swift */; };
		0D1F699E2283A3170092CAB0 /* NSAttributedString+extension.swift in Sources */ = {isa = PBXBuildFile; fileRef = 0D1F699D2283A3170092CAB0 /* NSAttributedString+extension.swift */; };
		0D1F69D222840F110092CAB0 /* UINavigationController+extension.swift in Sources */ = {isa = PBXBuildFile; fileRef = 0D1F69D122840F110092CAB0 /* UINavigationController+extension.swift */; };
		0D3652342280227600C2ECC6 /* UIView+extension.swift in Sources */ = {isa = PBXBuildFile; fileRef = 0D3652332280227600C2ECC6 /* UIView+extension.swift */; };
		0D3809C3231973F500740926 /* UIImage+SCAddition.m in Sources */ = {isa = PBXBuildFile; fileRef = 0D3809C2231973F500740926 /* UIImage+SCAddition.m */; };
		0D4478BC226D44890036D572 /* UIApplication+extension.swift in Sources */ = {isa = PBXBuildFile; fileRef = 0D4478BB226D44890036D572 /* UIApplication+extension.swift */; };
		0D4598E722D809F7007D634C /* AppDelegate+extension.swift in Sources */ = {isa = PBXBuildFile; fileRef = 0D4598E622D809F7007D634C /* AppDelegate+extension.swift */; };
		0D4598EC22D80BCA007D634C /* CoreDataManager.swift in Sources */ = {isa = PBXBuildFile; fileRef = 0D4598EB22D80BCA007D634C /* CoreDataManager.swift */; };
		0D4598F222D80D02007D634C /* Model.xcdatamodeld in Sources */ = {isa = PBXBuildFile; fileRef = 0D4598F022D80D02007D634C /* Model.xcdatamodeld */; };
		0D4598FE22D8116D007D634C /* MXCornerRadius.m in Sources */ = {isa = PBXBuildFile; fileRef = 0D4598FD22D8116D007D634C /* MXCornerRadius.m */; };
		0D45990122D814C1007D634C /* UINavigationController+WJObjcSugar.m in Sources */ = {isa = PBXBuildFile; fileRef = 0D4598FF22D814C0007D634C /* UINavigationController+WJObjcSugar.m */; };
		0D45990422D815A8007D634C /* UIColor+WJObjcSugar.m in Sources */ = {isa = PBXBuildFile; fileRef = 0D45990222D815A8007D634C /* UIColor+WJObjcSugar.m */; };
		0D48AA2422B5D439004F725E /* VCLLogingViewController.swift in Sources */ = {isa = PBXBuildFile; fileRef = 0D48AA2322B5D439004F725E /* VCLLogingViewController.swift */; };
		0D64A843232B763A00BFE0BF /* SCCopyableLabel.swift in Sources */ = {isa = PBXBuildFile; fileRef = 0D64A842232B763A00BFE0BF /* SCCopyableLabel.swift */; };
		0D7D3583226E95AE00533698 /* WKWebView+extension.swift in Sources */ = {isa = PBXBuildFile; fileRef = 0D7D3582226E95AE00533698 /* WKWebView+extension.swift */; };
		0D8538532296A0F6002FC6B1 /* UITabBarController+extension.swift in Sources */ = {isa = PBXBuildFile; fileRef = 0D8538522296A0F6002FC6B1 /* UITabBarController+extension.swift */; };
		0D96B76A22815699004B161B /* UITableView+extension.swift in Sources */ = {isa = PBXBuildFile; fileRef = 0D96B76922815699004B161B /* UITableView+extension.swift */; };
		0DBE24712289560D00B6BE75 /* SCSQLiteManager.swift in Sources */ = {isa = PBXBuildFile; fileRef = 0DBE246F2289560D00B6BE75 /* SCSQLiteManager.swift */; };
		0DBE24722289560D00B6BE75 /* mydata.sql in Resources */ = {isa = PBXBuildFile; fileRef = 0DBE24702289560D00B6BE75 /* mydata.sql */; };
		0DCD701422B373520036A3D1 /* UIFont+extension.swift in Sources */ = {isa = PBXBuildFile; fileRef = 0DCD701322B373520036A3D1 /* UIFont+extension.swift */; };
		0DD1988C22F527820078B320 /* Data+extension.swift in Sources */ = {isa = PBXBuildFile; fileRef = 0DD1988B22F527820078B320 /* Data+extension.swift */; };
		0DED77B322FBCBE400A587A7 /* ExpandableLabelCell.xib in Resources */ = {isa = PBXBuildFile; fileRef = 0DED77AF22FBCBE300A587A7 /* ExpandableLabelCell.xib */; };
		0DED77B422FBCBE400A587A7 /* ExpandableTableView.xib in Resources */ = {isa = PBXBuildFile; fileRef = 0DED77B022FBCBE300A587A7 /* ExpandableTableView.xib */; };
		0DED77B522FBCBE400A587A7 /* ExpandableTableView.swift in Sources */ = {isa = PBXBuildFile; fileRef = 0DED77B122FBCBE300A587A7 /* ExpandableTableView.swift */; };
		0DED77B622FBCBE400A587A7 /* ExpandableLabelCell.swift in Sources */ = {isa = PBXBuildFile; fileRef = 0DED77B222FBCBE300A587A7 /* ExpandableLabelCell.swift */; };
		0DEE54EF2285543A0045FE6C /* UIViewController+extension.swift in Sources */ = {isa = PBXBuildFile; fileRef = 0DEE54EE2285543A0045FE6C /* UIViewController+extension.swift */; };
		0DF4FF7B22EAD41C0087A528 /* UIScrollView+extension.swift in Sources */ = {isa = PBXBuildFile; fileRef = 0DF4FF7A22EAD41C0087A528 /* UIScrollView+extension.swift */; };
		0DFB4FF8227978EE00A3AF63 /* UITableViewCell+extension.swift in Sources */ = {isa = PBXBuildFile; fileRef = 0DFB4FF7227978ED00A3AF63 /* UITableViewCell+extension.swift */; };
		0DFC175722DD42AA00F3F95F /* Double+extension.swift in Sources */ = {isa = PBXBuildFile; fileRef = 0DFC175622DD42AA00F3F95F /* Double+extension.swift */; };
		CC6FB0EAC6D50EA45AE5FF16 /* Pods_SCExtensionTools.framework in Frameworks */ = {isa = PBXBuildFile; fileRef = 5A95F153DD3747B827ABE7DF /* Pods_SCExtensionTools.framework */; };
/* End PBXBuildFile section */

/* Begin PBXContainerItemProxy section */
		0D00047A226AFA9300BB073D /* PBXContainerItemProxy */ = {
			isa = PBXContainerItemProxy;
			containerPortal = 0D00045D226AFA8F00BB073D /* Project object */;
			proxyType = 1;
			remoteGlobalIDString = 0D000464226AFA8F00BB073D;
			remoteInfo = SCExtensionTools;
		};
		0D000485226AFA9300BB073D /* PBXContainerItemProxy */ = {
			isa = PBXContainerItemProxy;
			containerPortal = 0D00045D226AFA8F00BB073D /* Project object */;
			proxyType = 1;
			remoteGlobalIDString = 0D000464226AFA8F00BB073D;
			remoteInfo = SCExtensionTools;
		};
/* End PBXContainerItemProxy section */

/* Begin PBXFileReference section */
		0D000465226AFA8F00BB073D /* SCExtensionTools.app */ = {isa = PBXFileReference; explicitFileType = wrapper.application; includeInIndex = 0; path = SCExtensionTools.app; sourceTree = BUILT_PRODUCTS_DIR; };
		0D000468226AFA8F00BB073D /* AppDelegate.swift */ = {isa = PBXFileReference; lastKnownFileType = sourcecode.swift; path = AppDelegate.swift; sourceTree = "<group>"; };
		0D00046F226AFA9300BB073D /* Assets.xcassets */ = {isa = PBXFileReference; lastKnownFileType = folder.assetcatalog; path = Assets.xcassets; sourceTree = "<group>"; };
		0D000474226AFA9300BB073D /* Info.plist */ = {isa = PBXFileReference; lastKnownFileType = text.plist.xml; path = Info.plist; sourceTree = "<group>"; };
		0D000479226AFA9300BB073D /* SCExtensionToolsTests.xctest */ = {isa = PBXFileReference; explicitFileType = wrapper.cfbundle; includeInIndex = 0; path = SCExtensionToolsTests.xctest; sourceTree = BUILT_PRODUCTS_DIR; };
		0D00047D226AFA9300BB073D /* SCExtensionToolsTests.swift */ = {isa = PBXFileReference; lastKnownFileType = sourcecode.swift; path = SCExtensionToolsTests.swift; sourceTree = "<group>"; };
		0D00047F226AFA9300BB073D /* Info.plist */ = {isa = PBXFileReference; lastKnownFileType = text.plist.xml; path = Info.plist; sourceTree = "<group>"; };
		0D000484226AFA9300BB073D /* SCExtensionToolsUITests.xctest */ = {isa = PBXFileReference; explicitFileType = wrapper.cfbundle; includeInIndex = 0; path = SCExtensionToolsUITests.xctest; sourceTree = BUILT_PRODUCTS_DIR; };
		0D000488226AFA9300BB073D /* SCExtensionToolsUITests.swift */ = {isa = PBXFileReference; lastKnownFileType = sourcecode.swift; path = SCExtensionToolsUITests.swift; sourceTree = "<group>"; };
		0D00048A226AFA9300BB073D /* Info.plist */ = {isa = PBXFileReference; lastKnownFileType = text.plist.xml; path = Info.plist; sourceTree = "<group>"; };
		0D000498226AFB5D00BB073D /* SCNetworkManager.swift */ = {isa = PBXFileReference; fileEncoding = 4; lastKnownFileType = sourcecode.swift; path = SCNetworkManager.swift; sourceTree = "<group>"; };
		0D00049B226AFB5D00BB073D /* UIImageView+extension.swift */ = {isa = PBXFileReference; fileEncoding = 4; lastKnownFileType = sourcecode.swift; path = "UIImageView+extension.swift"; sourceTree = "<group>"; };
		0D00049C226AFB5D00BB073D /* UIWindow+extension.swift */ = {isa = PBXFileReference; fileEncoding = 4; lastKnownFileType = sourcecode.swift; path = "UIWindow+extension.swift"; sourceTree = "<group>"; };
		0D00049D226AFB5D00BB073D /* Date+extension.swift */ = {isa = PBXFileReference; fileEncoding = 4; lastKnownFileType = sourcecode.swift; path = "Date+extension.swift"; sourceTree = "<group>"; };
		0D00049E226AFB5D00BB073D /* UILabel+extension.swift */ = {isa = PBXFileReference; fileEncoding = 4; lastKnownFileType = sourcecode.swift; path = "UILabel+extension.swift"; sourceTree = "<group>"; };
		0D00049F226AFB5D00BB073D /* UIImage+extension.swift */ = {isa = PBXFileReference; fileEncoding = 4; lastKnownFileType = sourcecode.swift; path = "UIImage+extension.swift"; sourceTree = "<group>"; };
		0D0004A0226AFB5D00BB073D /* Bundle+extension.swift */ = {isa = PBXFileReference; fileEncoding = 4; lastKnownFileType = sourcecode.swift; path = "Bundle+extension.swift"; sourceTree = "<group>"; };
		0D0004A1226AFB5D00BB073D /* String+extension.swift */ = {isa = PBXFileReference; fileEncoding = 4; lastKnownFileType = sourcecode.swift; path = "String+extension.swift"; sourceTree = "<group>"; };
		0D0004A2226AFB5D00BB073D /* UIPageControl+extension.swift */ = {isa = PBXFileReference; fileEncoding = 4; lastKnownFileType = sourcecode.swift; path = "UIPageControl+extension.swift"; sourceTree = "<group>"; };
		0D0004A3226AFB5D00BB073D /* UIBarButtonItem+extension.swift */ = {isa = PBXFileReference; fileEncoding = 4; lastKnownFileType = sourcecode.swift; path = "UIBarButtonItem+extension.swift"; sourceTree = "<group>"; };
		0D0004A5226AFB5D00BB073D /* UILabel+SCAddition.h */ = {isa = PBXFileReference; fileEncoding = 4; lastKnownFileType = sourcecode.c.h; path = "UILabel+SCAddition.h"; sourceTree = "<group>"; };
		0D0004A6226AFB5D00BB073D /* CABasicAnimation+SCAddition.h */ = {isa = PBXFileReference; fileEncoding = 4; lastKnownFileType = sourcecode.c.h; path = "CABasicAnimation+SCAddition.h"; sourceTree = "<group>"; };
		0D0004A7226AFB5D00BB073D /* UIScreen+SCAddition.h */ = {isa = PBXFileReference; fileEncoding = 4; lastKnownFileType = sourcecode.c.h; path = "UIScreen+SCAddition.h"; sourceTree = "<group>"; };
		0D0004A8226AFB5D00BB073D /* UIButton+SCAddition.m */ = {isa = PBXFileReference; fileEncoding = 4; lastKnownFileType = sourcecode.c.objc; path = "UIButton+SCAddition.m"; sourceTree = "<group>"; };
		0D0004A9226AFB5D00BB073D /* UIColor+SCAddition.h */ = {isa = PBXFileReference; fileEncoding = 4; lastKnownFileType = sourcecode.c.h; path = "UIColor+SCAddition.h"; sourceTree = "<group>"; };
		0D0004AA226AFB5D00BB073D /* NSObject+SCAddition.m */ = {isa = PBXFileReference; fileEncoding = 4; lastKnownFileType = sourcecode.c.objc; path = "NSObject+SCAddition.m"; sourceTree = "<group>"; };
		0D0004AB226AFB5D00BB073D /* UIImageView+SCAddition.m */ = {isa = PBXFileReference; fileEncoding = 4; lastKnownFileType = sourcecode.c.objc; path = "UIImageView+SCAddition.m"; sourceTree = "<group>"; };
		0D0004AC226AFB5D00BB073D /* NSString+SCAddition.m */ = {isa = PBXFileReference; fileEncoding = 4; lastKnownFileType = sourcecode.c.objc; path = "NSString+SCAddition.m"; sourceTree = "<group>"; };
		0D0004AD226AFB5D00BB073D /* UIScreen+UISCreen_extenshion.m */ = {isa = PBXFileReference; fileEncoding = 4; lastKnownFileType = sourcecode.c.objc; path = "UIScreen+UISCreen_extenshion.m"; sourceTree = "<group>"; };
		0D0004AE226AFB5D00BB073D /* CABasicAnimation+SCAddition.m */ = {isa = PBXFileReference; fileEncoding = 4; lastKnownFileType = sourcecode.c.objc; path = "CABasicAnimation+SCAddition.m"; sourceTree = "<group>"; };
		0D0004AF226AFB5D00BB073D /* UILabel+SCAddition.m */ = {isa = PBXFileReference; fileEncoding = 4; lastKnownFileType = sourcecode.c.objc; path = "UILabel+SCAddition.m"; sourceTree = "<group>"; };
		0D0004B0226AFB5D00BB073D /* NSObject+SCAddition.h */ = {isa = PBXFileReference; fileEncoding = 4; lastKnownFileType = sourcecode.c.h; path = "NSObject+SCAddition.h"; sourceTree = "<group>"; };
		0D0004B1226AFB5D00BB073D /* UIColor+SCAddition.m */ = {isa = PBXFileReference; fileEncoding = 4; lastKnownFileType = sourcecode.c.objc; path = "UIColor+SCAddition.m"; sourceTree = "<group>"; };
		0D0004B2226AFB5D00BB073D /* UIButton+SCAddition.h */ = {isa = PBXFileReference; fileEncoding = 4; lastKnownFileType = sourcecode.c.h; path = "UIButton+SCAddition.h"; sourceTree = "<group>"; };
		0D0004B3226AFB5D00BB073D /* UIImageView+SCAddition.h */ = {isa = PBXFileReference; fileEncoding = 4; lastKnownFileType = sourcecode.c.h; path = "UIImageView+SCAddition.h"; sourceTree = "<group>"; };
		0D0004B4226AFB5D00BB073D /* SCAdditions.h */ = {isa = PBXFileReference; fileEncoding = 4; lastKnownFileType = sourcecode.c.h; path = SCAdditions.h; sourceTree = "<group>"; };
		0D0004B5226AFB5D00BB073D /* NSString+SCAddition.h */ = {isa = PBXFileReference; fileEncoding = 4; lastKnownFileType = sourcecode.c.h; path = "NSString+SCAddition.h"; sourceTree = "<group>"; };
		0D0004C9226AFB7C00BB073D /* Tools-Bridge.h */ = {isa = PBXFileReference; lastKnownFileType = sourcecode.c.h; path = "Tools-Bridge.h"; sourceTree = "<group>"; };
		0D0004CC226AFCD600BB073D /* FFLabel.swift */ = {isa = PBXFileReference; fileEncoding = 4; lastKnownFileType = sourcecode.swift; path = FFLabel.swift; sourceTree = "<group>"; };
		0D1F699D2283A3170092CAB0 /* NSAttributedString+extension.swift */ = {isa = PBXFileReference; fileEncoding = 4; lastKnownFileType = sourcecode.swift; path = "NSAttributedString+extension.swift"; sourceTree = "<group>"; };
		0D1F69D122840F110092CAB0 /* UINavigationController+extension.swift */ = {isa = PBXFileReference; fileEncoding = 4; lastKnownFileType = sourcecode.swift; path = "UINavigationController+extension.swift"; sourceTree = "<group>"; };
		0D3652332280227600C2ECC6 /* UIView+extension.swift */ = {isa = PBXFileReference; fileEncoding = 4; lastKnownFileType = sourcecode.swift; path = "UIView+extension.swift"; sourceTree = "<group>"; };
		0D3809C1231973F500740926 /* UIImage+SCAddition.h */ = {isa = PBXFileReference; fileEncoding = 4; lastKnownFileType = sourcecode.c.h; path = "UIImage+SCAddition.h"; sourceTree = "<group>"; };
		0D3809C2231973F500740926 /* UIImage+SCAddition.m */ = {isa = PBXFileReference; fileEncoding = 4; lastKnownFileType = sourcecode.c.objc; path = "UIImage+SCAddition.m"; sourceTree = "<group>"; };
		0D4478BB226D44890036D572 /* UIApplication+extension.swift */ = {isa = PBXFileReference; fileEncoding = 4; lastKnownFileType = sourcecode.swift; path = "UIApplication+extension.swift"; sourceTree = "<group>"; };
		0D4598E622D809F7007D634C /* AppDelegate+extension.swift */ = {isa = PBXFileReference; lastKnownFileType = sourcecode.swift; path = "AppDelegate+extension.swift"; sourceTree = "<group>"; };
		0D4598EB22D80BCA007D634C /* CoreDataManager.swift */ = {isa = PBXFileReference; fileEncoding = 4; lastKnownFileType = sourcecode.swift; path = CoreDataManager.swift; sourceTree = "<group>"; };
		0D4598F122D80D02007D634C /* Model.xcdatamodel */ = {isa = PBXFileReference; lastKnownFileType = wrapper.xcdatamodel; path = Model.xcdatamodel; sourceTree = "<group>"; };
		0D4598FC22D8116D007D634C /* MXCornerRadius.h */ = {isa = PBXFileReference; fileEncoding = 4; lastKnownFileType = sourcecode.c.h; path = MXCornerRadius.h; sourceTree = "<group>"; };
		0D4598FD22D8116D007D634C /* MXCornerRadius.m */ = {isa = PBXFileReference; fileEncoding = 4; lastKnownFileType = sourcecode.c.objc; path = MXCornerRadius.m; sourceTree = "<group>"; };
		0D4598FF22D814C0007D634C /* UINavigationController+WJObjcSugar.m */ = {isa = PBXFileReference; fileEncoding = 4; lastKnownFileType = sourcecode.c.objc; path = "UINavigationController+WJObjcSugar.m"; sourceTree = "<group>"; };
		0D45990022D814C0007D634C /* UINavigationController+WJObjcSugar.h */ = {isa = PBXFileReference; fileEncoding = 4; lastKnownFileType = sourcecode.c.h; path = "UINavigationController+WJObjcSugar.h"; sourceTree = "<group>"; };
		0D45990222D815A8007D634C /* UIColor+WJObjcSugar.m */ = {isa = PBXFileReference; fileEncoding = 4; lastKnownFileType = sourcecode.c.objc; path = "UIColor+WJObjcSugar.m"; sourceTree = "<group>"; };
		0D45990322D815A8007D634C /* UIColor+WJObjcSugar.h */ = {isa = PBXFileReference; fileEncoding = 4; lastKnownFileType = sourcecode.c.h; path = "UIColor+WJObjcSugar.h"; sourceTree = "<group>"; };
		0D48AA2322B5D439004F725E /* VCLLogingViewController.swift */ = {isa = PBXFileReference; fileEncoding = 4; lastKnownFileType = sourcecode.swift; path = VCLLogingViewController.swift; sourceTree = "<group>"; };
		0D64A842232B763A00BFE0BF /* SCCopyableLabel.swift */ = {isa = PBXFileReference; fileEncoding = 4; lastKnownFileType = sourcecode.swift; path = SCCopyableLabel.swift; sourceTree = "<group>"; };
		0D7D3582226E95AE00533698 /* WKWebView+extension.swift */ = {isa = PBXFileReference; fileEncoding = 4; lastKnownFileType = sourcecode.swift; path = "WKWebView+extension.swift"; sourceTree = "<group>"; };
		0D8538522296A0F6002FC6B1 /* UITabBarController+extension.swift */ = {isa = PBXFileReference; fileEncoding = 4; lastKnownFileType = sourcecode.swift; path = "UITabBarController+extension.swift"; sourceTree = "<group>"; };
		0D96B76922815699004B161B /* UITableView+extension.swift */ = {isa = PBXFileReference; fileEncoding = 4; lastKnownFileType = sourcecode.swift; path = "UITableView+extension.swift"; sourceTree = "<group>"; };
		0DBE246F2289560D00B6BE75 /* SCSQLiteManager.swift */ = {isa = PBXFileReference; fileEncoding = 4; lastKnownFileType = sourcecode.swift; path = SCSQLiteManager.swift; sourceTree = "<group>"; };
		0DBE24702289560D00B6BE75 /* mydata.sql */ = {isa = PBXFileReference; fileEncoding = 4; lastKnownFileType = text; path = mydata.sql; sourceTree = "<group>"; };
		0DCD701322B373520036A3D1 /* UIFont+extension.swift */ = {isa = PBXFileReference; lastKnownFileType = sourcecode.swift; path = "UIFont+extension.swift"; sourceTree = "<group>"; };
		0DD1988B22F527820078B320 /* Data+extension.swift */ = {isa = PBXFileReference; fileEncoding = 4; lastKnownFileType = sourcecode.swift; path = "Data+extension.swift"; sourceTree = "<group>"; };
		0DED77AF22FBCBE300A587A7 /* ExpandableLabelCell.xib */ = {isa = PBXFileReference; fileEncoding = 4; lastKnownFileType = file.xib; path = ExpandableLabelCell.xib; sourceTree = "<group>"; };
		0DED77B022FBCBE300A587A7 /* ExpandableTableView.xib */ = {isa = PBXFileReference; fileEncoding = 4; lastKnownFileType = file.xib; path = ExpandableTableView.xib; sourceTree = "<group>"; };
		0DED77B122FBCBE300A587A7 /* ExpandableTableView.swift */ = {isa = PBXFileReference; fileEncoding = 4; lastKnownFileType = sourcecode.swift; path = ExpandableTableView.swift; sourceTree = "<group>"; };
		0DED77B222FBCBE300A587A7 /* ExpandableLabelCell.swift */ = {isa = PBXFileReference; fileEncoding = 4; lastKnownFileType = sourcecode.swift; path = ExpandableLabelCell.swift; sourceTree = "<group>"; };
		0DEE54EE2285543A0045FE6C /* UIViewController+extension.swift */ = {isa = PBXFileReference; fileEncoding = 4; lastKnownFileType = sourcecode.swift; path = "UIViewController+extension.swift"; sourceTree = "<group>"; };
		0DF4FF7A22EAD41C0087A528 /* UIScrollView+extension.swift */ = {isa = PBXFileReference; fileEncoding = 4; lastKnownFileType = sourcecode.swift; path = "UIScrollView+extension.swift"; sourceTree = "<group>"; };
		0DFB4FF7227978ED00A3AF63 /* UITableViewCell+extension.swift */ = {isa = PBXFileReference; fileEncoding = 4; lastKnownFileType = sourcecode.swift; path = "UITableViewCell+extension.swift"; sourceTree = "<group>"; };
		0DFC175622DD42AA00F3F95F /* Double+extension.swift */ = {isa = PBXFileReference; fileEncoding = 4; lastKnownFileType = sourcecode.swift; path = "Double+extension.swift"; sourceTree = "<group>"; };
		5A95F153DD3747B827ABE7DF /* Pods_SCExtensionTools.framework */ = {isa = PBXFileReference; explicitFileType = wrapper.framework; includeInIndex = 0; path = Pods_SCExtensionTools.framework; sourceTree = BUILT_PRODUCTS_DIR; };
		70F73A235179230F2CF7DCDA /* Pods-SCExtensionTools.release.xcconfig */ = {isa = PBXFileReference; includeInIndex = 1; lastKnownFileType = text.xcconfig; name = "Pods-SCExtensionTools.release.xcconfig"; path = "Target Support Files/Pods-SCExtensionTools/Pods-SCExtensionTools.release.xcconfig"; sourceTree = "<group>"; };
		FF337841E7EB36999BCA1476 /* Pods-SCExtensionTools.debug.xcconfig */ = {isa = PBXFileReference; includeInIndex = 1; lastKnownFileType = text.xcconfig; name = "Pods-SCExtensionTools.debug.xcconfig"; path = "Target Support Files/Pods-SCExtensionTools/Pods-SCExtensionTools.debug.xcconfig"; sourceTree = "<group>"; };
/* End PBXFileReference section */

/* Begin PBXFrameworksBuildPhase section */
		0D000462226AFA8F00BB073D /* Frameworks */ = {
			isa = PBXFrameworksBuildPhase;
			buildActionMask = 2147483647;
			files = (
				CC6FB0EAC6D50EA45AE5FF16 /* Pods_SCExtensionTools.framework in Frameworks */,
			);
			runOnlyForDeploymentPostprocessing = 0;
		};
		0D000476226AFA9300BB073D /* Frameworks */ = {
			isa = PBXFrameworksBuildPhase;
			buildActionMask = 2147483647;
			files = (
			);
			runOnlyForDeploymentPostprocessing = 0;
		};
		0D000481226AFA9300BB073D /* Frameworks */ = {
			isa = PBXFrameworksBuildPhase;
			buildActionMask = 2147483647;
			files = (
			);
			runOnlyForDeploymentPostprocessing = 0;
		};
/* End PBXFrameworksBuildPhase section */

/* Begin PBXGroup section */
		0D00045C226AFA8F00BB073D = {
			isa = PBXGroup;
			children = (
				0D000467226AFA8F00BB073D /* SCExtensionTools */,
				0D00047C226AFA9300BB073D /* SCExtensionToolsTests */,
				0D000487226AFA9300BB073D /* SCExtensionToolsUITests */,
				0D000466226AFA8F00BB073D /* Products */,
				965F72486D67A12B311819FC /* Pods */,
				E3DAE2CD9D0B2027DF5DC60B /* Frameworks */,
			);
			sourceTree = "<group>";
		};
		0D000466226AFA8F00BB073D /* Products */ = {
			isa = PBXGroup;
			children = (
				0D000465226AFA8F00BB073D /* SCExtensionTools.app */,
				0D000479226AFA9300BB073D /* SCExtensionToolsTests.xctest */,
				0D000484226AFA9300BB073D /* SCExtensionToolsUITests.xctest */,
			);
			name = Products;
			sourceTree = "<group>";
		};
		0D000467226AFA8F00BB073D /* SCExtensionTools */ = {
			isa = PBXGroup;
			children = (
				0D000496226AFB0400BB073D /* Tools */,
				0D000468226AFA8F00BB073D /* AppDelegate.swift */,
				0D00046F226AFA9300BB073D /* Assets.xcassets */,
				0D000474226AFA9300BB073D /* Info.plist */,
				0D0004C9226AFB7C00BB073D /* Tools-Bridge.h */,
			);
			path = SCExtensionTools;
			sourceTree = "<group>";
		};
		0D00047C226AFA9300BB073D /* SCExtensionToolsTests */ = {
			isa = PBXGroup;
			children = (
				0D00047D226AFA9300BB073D /* SCExtensionToolsTests.swift */,
				0D00047F226AFA9300BB073D /* Info.plist */,
			);
			path = SCExtensionToolsTests;
			sourceTree = "<group>";
		};
		0D000487226AFA9300BB073D /* SCExtensionToolsUITests */ = {
			isa = PBXGroup;
			children = (
				0D000488226AFA9300BB073D /* SCExtensionToolsUITests.swift */,
				0D00048A226AFA9300BB073D /* Info.plist */,
			);
			path = SCExtensionToolsUITests;
			sourceTree = "<group>";
		};
		0D000496226AFB0400BB073D /* Tools */ = {
			isa = PBXGroup;
			children = (
				0D64A842232B763A00BFE0BF /* SCCopyableLabel.swift */,
				0DED77AE22FBCBE300A587A7 /* Expandable Views */,
				0D4598FB22D8116D007D634C /* MXCornerRadius */,
				0D4598EA22D80BB7007D634C /* CoreData */,
				0D48AA2222B5D426004F725E /* LifeCycle */,
				0D0004A4226AFB5D00BB073D /* Additions */,
				0D00049A226AFB5D00BB073D /* Extensions */,
				0D0004CA226AFCD600BB073D /* FFLabel */,
				0D000497226AFB5D00BB073D /* Network */,
				0DBE246E2289560D00B6BE75 /* SQLite */,
			);
			path = Tools;
			sourceTree = "<group>";
		};
		0D000497226AFB5D00BB073D /* Network */ = {
			isa = PBXGroup;
			children = (
				0D000498226AFB5D00BB073D /* SCNetworkManager.swift */,
			);
			path = Network;
			sourceTree = "<group>";
		};
		0D00049A226AFB5D00BB073D /* Extensions */ = {
			isa = PBXGroup;
			children = (
				0DF4FF7A22EAD41C0087A528 /* UIScrollView+extension.swift */,
				0DD1988B22F527820078B320 /* Data+extension.swift */,
				0DFC175622DD42AA00F3F95F /* Double+extension.swift */,
				0DEE54EE2285543A0045FE6C /* UIViewController+extension.swift */,
				0D1F69D122840F110092CAB0 /* UINavigationController+extension.swift */,
				0D1F699D2283A3170092CAB0 /* NSAttributedString+extension.swift */,
				0D96B76922815699004B161B /* UITableView+extension.swift */,
				0D4478BB226D44890036D572 /* UIApplication+extension.swift */,
				0D00049B226AFB5D00BB073D /* UIImageView+extension.swift */,
				0D00049C226AFB5D00BB073D /* UIWindow+extension.swift */,
				0D00049D226AFB5D00BB073D /* Date+extension.swift */,
				0D00049E226AFB5D00BB073D /* UILabel+extension.swift */,
				0D00049F226AFB5D00BB073D /* UIImage+extension.swift */,
				0D0004A0226AFB5D00BB073D /* Bundle+extension.swift */,
				0D0004A1226AFB5D00BB073D /* String+extension.swift */,
				0D8538522296A0F6002FC6B1 /* UITabBarController+extension.swift */,
				0D0004A2226AFB5D00BB073D /* UIPageControl+extension.swift */,
				0D0004A3226AFB5D00BB073D /* UIBarButtonItem+extension.swift */,
				0D3652332280227600C2ECC6 /* UIView+extension.swift */,
				0D7D3582226E95AE00533698 /* WKWebView+extension.swift */,
				0DFB4FF7227978ED00A3AF63 /* UITableViewCell+extension.swift */,
				0DCD701322B373520036A3D1 /* UIFont+extension.swift */,
			);
			path = Extensions;
			sourceTree = "<group>";
		};
		0D0004A4226AFB5D00BB073D /* Additions */ = {
			isa = PBXGroup;
			children = (
				0D3809C1231973F500740926 /* UIImage+SCAddition.h */,
				0D3809C2231973F500740926 /* UIImage+SCAddition.m */,
				0D45990322D815A8007D634C /* UIColor+WJObjcSugar.h */,
				0D45990222D815A8007D634C /* UIColor+WJObjcSugar.m */,
				0D45990022D814C0007D634C /* UINavigationController+WJObjcSugar.h */,
				0D4598FF22D814C0007D634C /* UINavigationController+WJObjcSugar.m */,
				0D0004A5226AFB5D00BB073D /* UILabel+SCAddition.h */,
				0D0004A6226AFB5D00BB073D /* CABasicAnimation+SCAddition.h */,
				0D0004A7226AFB5D00BB073D /* UIScreen+SCAddition.h */,
				0D0004A8226AFB5D00BB073D /* UIButton+SCAddition.m */,
				0D0004A9226AFB5D00BB073D /* UIColor+SCAddition.h */,
				0D0004AA226AFB5D00BB073D /* NSObject+SCAddition.m */,
				0D0004AB226AFB5D00BB073D /* UIImageView+SCAddition.m */,
				0D0004AC226AFB5D00BB073D /* NSString+SCAddition.m */,
				0D0004AD226AFB5D00BB073D /* UIScreen+UISCreen_extenshion.m */,
				0D0004AE226AFB5D00BB073D /* CABasicAnimation+SCAddition.m */,
				0D0004AF226AFB5D00BB073D /* UILabel+SCAddition.m */,
				0D0004B0226AFB5D00BB073D /* NSObject+SCAddition.h */,
				0D0004B1226AFB5D00BB073D /* UIColor+SCAddition.m */,
				0D0004B2226AFB5D00BB073D /* UIButton+SCAddition.h */,
				0D0004B3226AFB5D00BB073D /* UIImageView+SCAddition.h */,
				0D0004B4226AFB5D00BB073D /* SCAdditions.h */,
				0D0004B5226AFB5D00BB073D /* NSString+SCAddition.h */,
			);
			path = Additions;
			sourceTree = "<group>";
		};
		0D0004CA226AFCD600BB073D /* FFLabel */ = {
			isa = PBXGroup;
			children = (
				0D0004CB226AFCD600BB073D /* Source */,
			);
			path = FFLabel;
			sourceTree = "<group>";
		};
		0D0004CB226AFCD600BB073D /* Source */ = {
			isa = PBXGroup;
			children = (
				0D0004CC226AFCD600BB073D /* FFLabel.swift */,
			);
			path = Source;
			sourceTree = "<group>";
		};
		0D4598EA22D80BB7007D634C /* CoreData */ = {
			isa = PBXGroup;
			children = (
				0D4598EB22D80BCA007D634C /* CoreDataManager.swift */,
				0D4598E622D809F7007D634C /* AppDelegate+extension.swift */,
				0D4598F022D80D02007D634C /* Model.xcdatamodeld */,
			);
			path = CoreData;
			sourceTree = "<group>";
		};
		0D4598FB22D8116D007D634C /* MXCornerRadius */ = {
			isa = PBXGroup;
			children = (
				0D4598FC22D8116D007D634C /* MXCornerRadius.h */,
				0D4598FD22D8116D007D634C /* MXCornerRadius.m */,
			);
			path = MXCornerRadius;
			sourceTree = "<group>";
		};
		0D48AA2222B5D426004F725E /* LifeCycle */ = {
			isa = PBXGroup;
			children = (
				0D48AA2322B5D439004F725E /* VCLLogingViewController.swift */,
			);
			path = LifeCycle;
			sourceTree = "<group>";
		};
		0DBE246E2289560D00B6BE75 /* SQLite */ = {
			isa = PBXGroup;
			children = (
				0DBE246F2289560D00B6BE75 /* SCSQLiteManager.swift */,
				0DBE24702289560D00B6BE75 /* mydata.sql */,
			);
			path = SQLite;
			sourceTree = "<group>";
		};
		0DED77AE22FBCBE300A587A7 /* Expandable Views */ = {
			isa = PBXGroup;
			children = (
				0DED77AF22FBCBE300A587A7 /* ExpandableLabelCell.xib */,
				0DED77B022FBCBE300A587A7 /* ExpandableTableView.xib */,
				0DED77B122FBCBE300A587A7 /* ExpandableTableView.swift */,
				0DED77B222FBCBE300A587A7 /* ExpandableLabelCell.swift */,
			);
			path = "Expandable Views";
			sourceTree = "<group>";
		};
		965F72486D67A12B311819FC /* Pods */ = {
			isa = PBXGroup;
			children = (
				FF337841E7EB36999BCA1476 /* Pods-SCExtensionTools.debug.xcconfig */,
				70F73A235179230F2CF7DCDA /* Pods-SCExtensionTools.release.xcconfig */,
			);
			path = Pods;
			sourceTree = "<group>";
		};
		E3DAE2CD9D0B2027DF5DC60B /* Frameworks */ = {
			isa = PBXGroup;
			children = (
				5A95F153DD3747B827ABE7DF /* Pods_SCExtensionTools.framework */,
			);
			name = Frameworks;
			sourceTree = "<group>";
		};
/* End PBXGroup section */

/* Begin PBXNativeTarget section */
		0D000464226AFA8F00BB073D /* SCExtensionTools */ = {
			isa = PBXNativeTarget;
			buildConfigurationList = 0D00048D226AFA9300BB073D /* Build configuration list for PBXNativeTarget "SCExtensionTools" */;
			buildPhases = (
				485FF780C1511A908C9C07B6 /* [CP] Check Pods Manifest.lock */,
				0D000461226AFA8F00BB073D /* Sources */,
				0D000462226AFA8F00BB073D /* Frameworks */,
				0D000463226AFA8F00BB073D /* Resources */,
				5471A6292B767E3704B87AE9 /* [CP] Embed Pods Frameworks */,
			);
			buildRules = (
			);
			dependencies = (
			);
			name = SCExtensionTools;
			productName = SCExtensionTools;
			productReference = 0D000465226AFA8F00BB073D /* SCExtensionTools.app */;
			productType = "com.apple.product-type.application";
		};
		0D000478226AFA9300BB073D /* SCExtensionToolsTests */ = {
			isa = PBXNativeTarget;
			buildConfigurationList = 0D000490226AFA9300BB073D /* Build configuration list for PBXNativeTarget "SCExtensionToolsTests" */;
			buildPhases = (
				0D000475226AFA9300BB073D /* Sources */,
				0D000476226AFA9300BB073D /* Frameworks */,
				0D000477226AFA9300BB073D /* Resources */,
			);
			buildRules = (
			);
			dependencies = (
				0D00047B226AFA9300BB073D /* PBXTargetDependency */,
			);
			name = SCExtensionToolsTests;
			productName = SCExtensionToolsTests;
			productReference = 0D000479226AFA9300BB073D /* SCExtensionToolsTests.xctest */;
			productType = "com.apple.product-type.bundle.unit-test";
		};
		0D000483226AFA9300BB073D /* SCExtensionToolsUITests */ = {
			isa = PBXNativeTarget;
			buildConfigurationList = 0D000493226AFA9300BB073D /* Build configuration list for PBXNativeTarget "SCExtensionToolsUITests" */;
			buildPhases = (
				0D000480226AFA9300BB073D /* Sources */,
				0D000481226AFA9300BB073D /* Frameworks */,
				0D000482226AFA9300BB073D /* Resources */,
			);
			buildRules = (
			);
			dependencies = (
				0D000486226AFA9300BB073D /* PBXTargetDependency */,
			);
			name = SCExtensionToolsUITests;
			productName = SCExtensionToolsUITests;
			productReference = 0D000484226AFA9300BB073D /* SCExtensionToolsUITests.xctest */;
			productType = "com.apple.product-type.bundle.ui-testing";
		};
/* End PBXNativeTarget section */

/* Begin PBXProject section */
		0D00045D226AFA8F00BB073D /* Project object */ = {
			isa = PBXProject;
			attributes = {
				LastSwiftUpdateCheck = 1020;
				LastUpgradeCheck = 1020;
				ORGANIZATIONNAME = "Stephen Cao";
				TargetAttributes = {
					0D000464226AFA8F00BB073D = {
						CreatedOnToolsVersion = 10.2.1;
					};
					0D000478226AFA9300BB073D = {
						CreatedOnToolsVersion = 10.2.1;
						TestTargetID = 0D000464226AFA8F00BB073D;
					};
					0D000483226AFA9300BB073D = {
						CreatedOnToolsVersion = 10.2.1;
						TestTargetID = 0D000464226AFA8F00BB073D;
					};
				};
			};
			buildConfigurationList = 0D000460226AFA8F00BB073D /* Build configuration list for PBXProject "SCExtensionTools" */;
			compatibilityVersion = "Xcode 9.3";
			developmentRegion = en;
			hasScannedForEncodings = 0;
			knownRegions = (
				en,
				Base,
			);
			mainGroup = 0D00045C226AFA8F00BB073D;
			productRefGroup = 0D000466226AFA8F00BB073D /* Products */;
			projectDirPath = "";
			projectRoot = "";
			targets = (
				0D000464226AFA8F00BB073D /* SCExtensionTools */,
				0D000478226AFA9300BB073D /* SCExtensionToolsTests */,
				0D000483226AFA9300BB073D /* SCExtensionToolsUITests */,
			);
		};
/* End PBXProject section */

/* Begin PBXResourcesBuildPhase section */
		0D000463226AFA8F00BB073D /* Resources */ = {
			isa = PBXResourcesBuildPhase;
			buildActionMask = 2147483647;
			files = (
				0DBE24722289560D00B6BE75 /* mydata.sql in Resources */,
				0D000470226AFA9300BB073D /* Assets.xcassets in Resources */,
				0DED77B322FBCBE400A587A7 /* ExpandableLabelCell.xib in Resources */,
				0DED77B422FBCBE400A587A7 /* ExpandableTableView.xib in Resources */,
			);
			runOnlyForDeploymentPostprocessing = 0;
		};
		0D000477226AFA9300BB073D /* Resources */ = {
			isa = PBXResourcesBuildPhase;
			buildActionMask = 2147483647;
			files = (
			);
			runOnlyForDeploymentPostprocessing = 0;
		};
		0D000482226AFA9300BB073D /* Resources */ = {
			isa = PBXResourcesBuildPhase;
			buildActionMask = 2147483647;
			files = (
			);
			runOnlyForDeploymentPostprocessing = 0;
		};
/* End PBXResourcesBuildPhase section */

/* Begin PBXShellScriptBuildPhase section */
		485FF780C1511A908C9C07B6 /* [CP] Check Pods Manifest.lock */ = {
			isa = PBXShellScriptBuildPhase;
			buildActionMask = 2147483647;
			files = (
			);
			inputFileListPaths = (
			);
			inputPaths = (
				"${PODS_PODFILE_DIR_PATH}/Podfile.lock",
				"${PODS_ROOT}/Manifest.lock",
			);
			name = "[CP] Check Pods Manifest.lock";
			outputFileListPaths = (
			);
			outputPaths = (
				"$(DERIVED_FILE_DIR)/Pods-SCExtensionTools-checkManifestLockResult.txt",
			);
			runOnlyForDeploymentPostprocessing = 0;
			shellPath = /bin/sh;
			shellScript = "diff \"${PODS_PODFILE_DIR_PATH}/Podfile.lock\" \"${PODS_ROOT}/Manifest.lock\" > /dev/null\nif [ $? != 0 ] ; then\n    # print error to STDERR\n    echo \"error: The sandbox is not in sync with the Podfile.lock. Run 'pod install' or update your CocoaPods installation.\" >&2\n    exit 1\nfi\n# This output is used by Xcode 'outputs' to avoid re-running this script phase.\necho \"SUCCESS\" > \"${SCRIPT_OUTPUT_FILE_0}\"\n";
			showEnvVarsInLog = 0;
		};
		5471A6292B767E3704B87AE9 /* [CP] Embed Pods Frameworks */ = {
			isa = PBXShellScriptBuildPhase;
			buildActionMask = 2147483647;
			files = (
			);
			inputFileListPaths = (
			);
			inputPaths = (
				"${PODS_ROOT}/Target Support Files/Pods-SCExtensionTools/Pods-SCExtensionTools-frameworks.sh",
				"${BUILT_PRODUCTS_DIR}/Alamofire/Alamofire.framework",
				"${BUILT_PRODUCTS_DIR}/FMDB/FMDB.framework",
				"${BUILT_PRODUCTS_DIR}/SDWebImage/SDWebImage.framework",
				"${BUILT_PRODUCTS_DIR}/pop/pop.framework",
			);
			name = "[CP] Embed Pods Frameworks";
			outputFileListPaths = (
			);
			outputPaths = (
				"${TARGET_BUILD_DIR}/${FRAMEWORKS_FOLDER_PATH}/Alamofire.framework",
				"${TARGET_BUILD_DIR}/${FRAMEWORKS_FOLDER_PATH}/FMDB.framework",
				"${TARGET_BUILD_DIR}/${FRAMEWORKS_FOLDER_PATH}/SDWebImage.framework",
				"${TARGET_BUILD_DIR}/${FRAMEWORKS_FOLDER_PATH}/pop.framework",
			);
			runOnlyForDeploymentPostprocessing = 0;
			shellPath = /bin/sh;
			shellScript = "\"${PODS_ROOT}/Target Support Files/Pods-SCExtensionTools/Pods-SCExtensionTools-frameworks.sh\"\n";
			showEnvVarsInLog = 0;
		};
/* End PBXShellScriptBuildPhase section */

/* Begin PBXSourcesBuildPhase section */
		0D000461226AFA8F00BB073D /* Sources */ = {
			isa = PBXSourcesBuildPhase;
			buildActionMask = 2147483647;
			files = (
				0D0004B6226AFB5D00BB073D /* SCNetworkManager.swift in Sources */,
				0D0004BD226AFB5D00BB073D /* Bundle+extension.swift in Sources */,
				0D0004C7226AFB5D00BB073D /* UILabel+SCAddition.m in Sources */,
				0DFB4FF8227978EE00A3AF63 /* UITableViewCell+extension.swift in Sources */,
				0D4598EC22D80BCA007D634C /* CoreDataManager.swift in Sources */,
				0D4598FE22D8116D007D634C /* MXCornerRadius.m in Sources */,
				0D4478BC226D44890036D572 /* UIApplication+extension.swift in Sources */,
				0D0004C5226AFB5D00BB073D /* UIScreen+UISCreen_extenshion.m in Sources */,
				0D0004C3226AFB5D00BB073D /* UIImageView+SCAddition.m in Sources */,
				0D0004C8226AFB5D00BB073D /* UIColor+SCAddition.m in Sources */,
				0D4598E722D809F7007D634C /* AppDelegate+extension.swift in Sources */,
				0DBE24712289560D00B6BE75 /* SCSQLiteManager.swift in Sources */,
				0D0004BA226AFB5D00BB073D /* Date+extension.swift in Sources */,
				0D3809C3231973F500740926 /* UIImage+SCAddition.m in Sources */,
				0D0004C4226AFB5D00BB073D /* NSString+SCAddition.m in Sources */,
				0D0004CD226AFCD600BB073D /* FFLabel.swift in Sources */,
				0DD1988C22F527820078B320 /* Data+extension.swift in Sources */,
				0DF4FF7B22EAD41C0087A528 /* UIScrollView+extension.swift in Sources */,
				0DED77B522FBCBE400A587A7 /* ExpandableTableView.swift in Sources */,
				0D0004C1226AFB5D00BB073D /* UIButton+SCAddition.m in Sources */,
				0D64A843232B763A00BFE0BF /* SCCopyableLabel.swift in Sources */,
				0D0004C0226AFB5D00BB073D /* UIBarButtonItem+extension.swift in Sources */,
				0D0004BC226AFB5D00BB073D /* UIImage+extension.swift in Sources */,
				0D4598F222D80D02007D634C /* Model.xcdatamodeld in Sources */,
				0D0004B9226AFB5D00BB073D /* UIWindow+extension.swift in Sources */,
				0D1F699E2283A3170092CAB0 /* NSAttributedString+extension.swift in Sources */,
				0DCD701422B373520036A3D1 /* UIFont+extension.swift in Sources */,
				0DEE54EF2285543A0045FE6C /* UIViewController+extension.swift in Sources */,
				0DED77B622FBCBE400A587A7 /* ExpandableLabelCell.swift in Sources */,
				0D0004C6226AFB5D00BB073D /* CABasicAnimation+SCAddition.m in Sources */,
				0D0004BE226AFB5D00BB073D /* String+extension.swift in Sources */,
				0D0004B8226AFB5D00BB073D /* UIImageView+extension.swift in Sources */,
				0D8538532296A0F6002FC6B1 /* UITabBarController+extension.swift in Sources */,
				0D3652342280227600C2ECC6 /* UIView+extension.swift in Sources */,
				0D000469226AFA8F00BB073D /* AppDelegate.swift in Sources */,
				0D0004BF226AFB5D00BB073D /* UIPageControl+extension.swift in Sources */,
				0D7D3583226E95AE00533698 /* WKWebView+extension.swift in Sources */,
				0D96B76A22815699004B161B /* UITableView+extension.swift in Sources */,
				0D48AA2422B5D439004F725E /* VCLLogingViewController.swift in Sources */,
				0D1F69D222840F110092CAB0 /* UINavigationController+extension.swift in Sources */,
				0D0004BB226AFB5D00BB073D /* UILabel+extension.swift in Sources */,
				0D45990422D815A8007D634C /* UIColor+WJObjcSugar.m in Sources */,
				0DFC175722DD42AA00F3F95F /* Double+extension.swift in Sources */,
				0D0004C2226AFB5D00BB073D /* NSObject+SCAddition.m in Sources */,
				0D45990122D814C1007D634C /* UINavigationController+WJObjcSugar.m in Sources */,
			);
			runOnlyForDeploymentPostprocessing = 0;
		};
		0D000475226AFA9300BB073D /* Sources */ = {
			isa = PBXSourcesBuildPhase;
			buildActionMask = 2147483647;
			files = (
				0D00047E226AFA9300BB073D /* SCExtensionToolsTests.swift in Sources */,
			);
			runOnlyForDeploymentPostprocessing = 0;
		};
		0D000480226AFA9300BB073D /* Sources */ = {
			isa = PBXSourcesBuildPhase;
			buildActionMask = 2147483647;
			files = (
				0D000489226AFA9300BB073D /* SCExtensionToolsUITests.swift in Sources */,
			);
			runOnlyForDeploymentPostprocessing = 0;
		};
/* End PBXSourcesBuildPhase section */

/* Begin PBXTargetDependency section */
		0D00047B226AFA9300BB073D /* PBXTargetDependency */ = {
			isa = PBXTargetDependency;
			target = 0D000464226AFA8F00BB073D /* SCExtensionTools */;
			targetProxy = 0D00047A226AFA9300BB073D /* PBXContainerItemProxy */;
		};
		0D000486226AFA9300BB073D /* PBXTargetDependency */ = {
			isa = PBXTargetDependency;
			target = 0D000464226AFA8F00BB073D /* SCExtensionTools */;
			targetProxy = 0D000485226AFA9300BB073D /* PBXContainerItemProxy */;
		};
/* End PBXTargetDependency section */

/* Begin XCBuildConfiguration section */
		0D00048B226AFA9300BB073D /* Debug */ = {
			isa = XCBuildConfiguration;
			buildSettings = {
				ALWAYS_SEARCH_USER_PATHS = NO;
				CLANG_ANALYZER_NONNULL = YES;
				CLANG_ANALYZER_NUMBER_OBJECT_CONVERSION = YES_AGGRESSIVE;
				CLANG_CXX_LANGUAGE_STANDARD = "gnu++14";
				CLANG_CXX_LIBRARY = "libc++";
				CLANG_ENABLE_MODULES = YES;
				CLANG_ENABLE_OBJC_ARC = YES;
				CLANG_ENABLE_OBJC_WEAK = YES;
				CLANG_WARN_BLOCK_CAPTURE_AUTORELEASING = YES;
				CLANG_WARN_BOOL_CONVERSION = YES;
				CLANG_WARN_COMMA = YES;
				CLANG_WARN_CONSTANT_CONVERSION = YES;
				CLANG_WARN_DEPRECATED_OBJC_IMPLEMENTATIONS = YES;
				CLANG_WARN_DIRECT_OBJC_ISA_USAGE = YES_ERROR;
				CLANG_WARN_DOCUMENTATION_COMMENTS = YES;
				CLANG_WARN_EMPTY_BODY = YES;
				CLANG_WARN_ENUM_CONVERSION = YES;
				CLANG_WARN_INFINITE_RECURSION = YES;
				CLANG_WARN_INT_CONVERSION = YES;
				CLANG_WARN_NON_LITERAL_NULL_CONVERSION = YES;
				CLANG_WARN_OBJC_IMPLICIT_RETAIN_SELF = YES;
				CLANG_WARN_OBJC_LITERAL_CONVERSION = YES;
				CLANG_WARN_OBJC_ROOT_CLASS = YES_ERROR;
				CLANG_WARN_RANGE_LOOP_ANALYSIS = YES;
				CLANG_WARN_STRICT_PROTOTYPES = YES;
				CLANG_WARN_SUSPICIOUS_MOVE = YES;
				CLANG_WARN_UNGUARDED_AVAILABILITY = YES_AGGRESSIVE;
				CLANG_WARN_UNREACHABLE_CODE = YES;
				CLANG_WARN__DUPLICATE_METHOD_MATCH = YES;
				CODE_SIGN_IDENTITY = "iPhone Developer";
				COPY_PHASE_STRIP = NO;
				DEBUG_INFORMATION_FORMAT = dwarf;
				ENABLE_STRICT_OBJC_MSGSEND = YES;
				ENABLE_TESTABILITY = YES;
				GCC_C_LANGUAGE_STANDARD = gnu11;
				GCC_DYNAMIC_NO_PIC = NO;
				GCC_NO_COMMON_BLOCKS = YES;
				GCC_OPTIMIZATION_LEVEL = 0;
				GCC_PREPROCESSOR_DEFINITIONS = (
					"DEBUG=1",
					"$(inherited)",
				);
				GCC_WARN_64_TO_32_BIT_CONVERSION = YES;
				GCC_WARN_ABOUT_RETURN_TYPE = YES_ERROR;
				GCC_WARN_UNDECLARED_SELECTOR = YES;
				GCC_WARN_UNINITIALIZED_AUTOS = YES_AGGRESSIVE;
				GCC_WARN_UNUSED_FUNCTION = YES;
				GCC_WARN_UNUSED_VARIABLE = YES;
				IPHONEOS_DEPLOYMENT_TARGET = 12.2;
				MTL_ENABLE_DEBUG_INFO = INCLUDE_SOURCE;
				MTL_FAST_MATH = YES;
				ONLY_ACTIVE_ARCH = YES;
				SDKROOT = iphoneos;
				SWIFT_ACTIVE_COMPILATION_CONDITIONS = DEBUG;
				SWIFT_OPTIMIZATION_LEVEL = "-Onone";
			};
			name = Debug;
		};
		0D00048C226AFA9300BB073D /* Release */ = {
			isa = XCBuildConfiguration;
			buildSettings = {
				ALWAYS_SEARCH_USER_PATHS = NO;
				CLANG_ANALYZER_NONNULL = YES;
				CLANG_ANALYZER_NUMBER_OBJECT_CONVERSION = YES_AGGRESSIVE;
				CLANG_CXX_LANGUAGE_STANDARD = "gnu++14";
				CLANG_CXX_LIBRARY = "libc++";
				CLANG_ENABLE_MODULES = YES;
				CLANG_ENABLE_OBJC_ARC = YES;
				CLANG_ENABLE_OBJC_WEAK = YES;
				CLANG_WARN_BLOCK_CAPTURE_AUTORELEASING = YES;
				CLANG_WARN_BOOL_CONVERSION = YES;
				CLANG_WARN_COMMA = YES;
				CLANG_WARN_CONSTANT_CONVERSION = YES;
				CLANG_WARN_DEPRECATED_OBJC_IMPLEMENTATIONS = YES;
				CLANG_WARN_DIRECT_OBJC_ISA_USAGE = YES_ERROR;
				CLANG_WARN_DOCUMENTATION_COMMENTS = YES;
				CLANG_WARN_EMPTY_BODY = YES;
				CLANG_WARN_ENUM_CONVERSION = YES;
				CLANG_WARN_INFINITE_RECURSION = YES;
				CLANG_WARN_INT_CONVERSION = YES;
				CLANG_WARN_NON_LITERAL_NULL_CONVERSION = YES;
				CLANG_WARN_OBJC_IMPLICIT_RETAIN_SELF = YES;
				CLANG_WARN_OBJC_LITERAL_CONVERSION = YES;
				CLANG_WARN_OBJC_ROOT_CLASS = YES_ERROR;
				CLANG_WARN_RANGE_LOOP_ANALYSIS = YES;
				CLANG_WARN_STRICT_PROTOTYPES = YES;
				CLANG_WARN_SUSPICIOUS_MOVE = YES;
				CLANG_WARN_UNGUARDED_AVAILABILITY = YES_AGGRESSIVE;
				CLANG_WARN_UNREACHABLE_CODE = YES;
				CLANG_WARN__DUPLICATE_METHOD_MATCH = YES;
				CODE_SIGN_IDENTITY = "iPhone Developer";
				COPY_PHASE_STRIP = NO;
				DEBUG_INFORMATION_FORMAT = "dwarf-with-dsym";
				ENABLE_NS_ASSERTIONS = NO;
				ENABLE_STRICT_OBJC_MSGSEND = YES;
				GCC_C_LANGUAGE_STANDARD = gnu11;
				GCC_NO_COMMON_BLOCKS = YES;
				GCC_WARN_64_TO_32_BIT_CONVERSION = YES;
				GCC_WARN_ABOUT_RETURN_TYPE = YES_ERROR;
				GCC_WARN_UNDECLARED_SELECTOR = YES;
				GCC_WARN_UNINITIALIZED_AUTOS = YES_AGGRESSIVE;
				GCC_WARN_UNUSED_FUNCTION = YES;
				GCC_WARN_UNUSED_VARIABLE = YES;
				IPHONEOS_DEPLOYMENT_TARGET = 12.2;
				MTL_ENABLE_DEBUG_INFO = NO;
				MTL_FAST_MATH = YES;
				SDKROOT = iphoneos;
				SWIFT_COMPILATION_MODE = wholemodule;
				SWIFT_OPTIMIZATION_LEVEL = "-O";
				VALIDATE_PRODUCT = YES;
			};
			name = Release;
		};
		0D00048E226AFA9300BB073D /* Debug */ = {
			isa = XCBuildConfiguration;
			baseConfigurationReference = FF337841E7EB36999BCA1476 /* Pods-SCExtensionTools.debug.xcconfig */;
			buildSettings = {
				ASSETCATALOG_COMPILER_APPICON_NAME = AppIcon;
				ASSETCATALOG_COMPILER_LAUNCHIMAGE_NAME = LaunchImage;
				CODE_SIGN_STYLE = Automatic;
				INFOPLIST_FILE = SCExtensionTools/Info.plist;
				IPHONEOS_DEPLOYMENT_TARGET = 12.4;
				LD_RUNPATH_SEARCH_PATHS = (
					"$(inherited)",
					"@executable_path/Frameworks",
				);
				PRODUCT_BUNDLE_IDENTIFIER = com.stephencao.project.SCExtensionTools;
				PRODUCT_NAME = "$(TARGET_NAME)";
				SWIFT_OBJC_BRIDGING_HEADER = "SCExtensionTools/Tools-Bridge.h";
				SWIFT_VERSION = 5.0;
				TARGETED_DEVICE_FAMILY = "1,2";
			};
			name = Debug;
		};
		0D00048F226AFA9300BB073D /* Release */ = {
			isa = XCBuildConfiguration;
			baseConfigurationReference = 70F73A235179230F2CF7DCDA /* Pods-SCExtensionTools.release.xcconfig */;
			buildSettings = {
				ASSETCATALOG_COMPILER_APPICON_NAME = AppIcon;
				ASSETCATALOG_COMPILER_LAUNCHIMAGE_NAME = LaunchImage;
				CODE_SIGN_STYLE = Automatic;
				INFOPLIST_FILE = SCExtensionTools/Info.plist;
				IPHONEOS_DEPLOYMENT_TARGET = 12.4;
				LD_RUNPATH_SEARCH_PATHS = (
					"$(inherited)",
					"@executable_path/Frameworks",
				);
				PRODUCT_BUNDLE_IDENTIFIER = com.stephencao.project.SCExtensionTools;
				PRODUCT_NAME = "$(TARGET_NAME)";
				SWIFT_OBJC_BRIDGING_HEADER = "SCExtensionTools/Tools-Bridge.h";
				SWIFT_VERSION = 5.0;
				TARGETED_DEVICE_FAMILY = "1,2";
			};
			name = Release;
		};
		0D000491226AFA9300BB073D /* Debug */ = {
			isa = XCBuildConfiguration;
			buildSettings = {
				ALWAYS_EMBED_SWIFT_STANDARD_LIBRARIES = YES;
				BUNDLE_LOADER = "$(TEST_HOST)";
				CODE_SIGN_STYLE = Automatic;
				INFOPLIST_FILE = SCExtensionToolsTests/Info.plist;
				LD_RUNPATH_SEARCH_PATHS = (
					"$(inherited)",
					"@executable_path/Frameworks",
					"@loader_path/Frameworks",
				);
				PRODUCT_BUNDLE_IDENTIFIER = com.stephencao.project.SCExtensionToolsTests;
				PRODUCT_NAME = "$(TARGET_NAME)";
				SWIFT_VERSION = 5.0;
				TARGETED_DEVICE_FAMILY = "1,2";
				TEST_HOST = "$(BUILT_PRODUCTS_DIR)/SCExtensionTools.app/SCExtensionTools";
			};
			name = Debug;
		};
		0D000492226AFA9300BB073D /* Release */ = {
			isa = XCBuildConfiguration;
			buildSettings = {
				ALWAYS_EMBED_SWIFT_STANDARD_LIBRARIES = YES;
				BUNDLE_LOADER = "$(TEST_HOST)";
				CODE_SIGN_STYLE = Automatic;
				INFOPLIST_FILE = SCExtensionToolsTests/Info.plist;
				LD_RUNPATH_SEARCH_PATHS = (
					"$(inherited)",
					"@executable_path/Frameworks",
					"@loader_path/Frameworks",
				);
				PRODUCT_BUNDLE_IDENTIFIER = com.stephencao.project.SCExtensionToolsTests;
				PRODUCT_NAME = "$(TARGET_NAME)";
				SWIFT_VERSION = 5.0;
				TARGETED_DEVICE_FAMILY = "1,2";
				TEST_HOST = "$(BUILT_PRODUCTS_DIR)/SCExtensionTools.app/SCExtensionTools";
			};
			name = Release;
		};
		0D000494226AFA9300BB073D /* Debug */ = {
			isa = XCBuildConfiguration;
			buildSettings = {
				ALWAYS_EMBED_SWIFT_STANDARD_LIBRARIES = YES;
				CODE_SIGN_STYLE = Automatic;
				INFOPLIST_FILE = SCExtensionToolsUITests/Info.plist;
				LD_RUNPATH_SEARCH_PATHS = (
					"$(inherited)",
					"@executable_path/Frameworks",
					"@loader_path/Frameworks",
				);
				PRODUCT_BUNDLE_IDENTIFIER = com.stephencao.project.SCExtensionToolsUITests;
				PRODUCT_NAME = "$(TARGET_NAME)";
				SWIFT_VERSION = 5.0;
				TARGETED_DEVICE_FAMILY = "1,2";
				TEST_TARGET_NAME = SCExtensionTools;
			};
			name = Debug;
		};
		0D000495226AFA9300BB073D /* Release */ = {
			isa = XCBuildConfiguration;
			buildSettings = {
				ALWAYS_EMBED_SWIFT_STANDARD_LIBRARIES = YES;
				CODE_SIGN_STYLE = Automatic;
				INFOPLIST_FILE = SCExtensionToolsUITests/Info.plist;
				LD_RUNPATH_SEARCH_PATHS = (
					"$(inherited)",
					"@executable_path/Frameworks",
					"@loader_path/Frameworks",
				);
				PRODUCT_BUNDLE_IDENTIFIER = com.stephencao.project.SCExtensionToolsUITests;
				PRODUCT_NAME = "$(TARGET_NAME)";
				SWIFT_VERSION = 5.0;
				TARGETED_DEVICE_FAMILY = "1,2";
				TEST_TARGET_NAME = SCExtensionTools;
			};
			name = Release;
		};
/* End XCBuildConfiguration section */

/* Begin XCConfigurationList section */
		0D000460226AFA8F00BB073D /* Build configuration list for PBXProject "SCExtensionTools" */ = {
			isa = XCConfigurationList;
			buildConfigurations = (
				0D00048B226AFA9300BB073D /* Debug */,
				0D00048C226AFA9300BB073D /* Release */,
			);
			defaultConfigurationIsVisible = 0;
			defaultConfigurationName = Release;
		};
		0D00048D226AFA9300BB073D /* Build configuration list for PBXNativeTarget "SCExtensionTools" */ = {
			isa = XCConfigurationList;
			buildConfigurations = (
				0D00048E226AFA9300BB073D /* Debug */,
				0D00048F226AFA9300BB073D /* Release */,
			);
			defaultConfigurationIsVisible = 0;
			defaultConfigurationName = Release;
		};
		0D000490226AFA9300BB073D /* Build configuration list for PBXNativeTarget "SCExtensionToolsTests" */ = {
			isa = XCConfigurationList;
			buildConfigurations = (
				0D000491226AFA9300BB073D /* Debug */,
				0D000492226AFA9300BB073D /* Release */,
			);
			defaultConfigurationIsVisible = 0;
			defaultConfigurationName = Release;
		};
		0D000493226AFA9300BB073D /* Build configuration list for PBXNativeTarget "SCExtensionToolsUITests" */ = {
			isa = XCConfigurationList;
			buildConfigurations = (
				0D000494226AFA9300BB073D /* Debug */,
				0D000495226AFA9300BB073D /* Release */,
			);
			defaultConfigurationIsVisible = 0;
			defaultConfigurationName = Release;
		};
/* End XCConfigurationList section */

/* Begin XCVersionGroup section */
		0D4598F022D80D02007D634C /* Model.xcdatamodeld */ = {
			isa = XCVersionGroup;
			children = (
				0D4598F122D80D02007D634C /* Model.xcdatamodel */,
			);
			currentVersion = 0D4598F122D80D02007D634C /* Model.xcdatamodel */;
			path = Model.xcdatamodeld;
			sourceTree = "<group>";
			versionGroupType = wrapper.xcdatamodel;
		};
/* End XCVersionGroup section */
	};
	rootObject = 0D00045D226AFA8F00BB073D /* Project object */;
}
